
Microsoft Visual Studio Solution File, Format Version 12.00
# Visual Studio Version 17
VisualStudioVersion = 17.3.32901.215
MinimumVisualStudioVersion = 10.0.40219.1
Project("{FAE04EC0-301F-11D3-BF4B-00C04F79EFBC}") = "ACDI", "ACDI\ACDI.csproj", "{4183BE51-5601-41A3-90D0-7EDD2F717D5A}"
EndProject
Project("{FAE04EC0-301F-11D3-BF4B-00C04F79EFBC}") = "RB", "RB\RB.csproj", "{96085E43-221F-4969-B2A9-DB35E9B75B4C}"
EndProject
Global
	GlobalSection(SolutionConfigurationPlatforms) = preSolution
		Debug|Any CPU = Debug|Any CPU
		Release|Any CPU = Release|Any CPU
	EndGlobalSection
	GlobalSection(ProjectConfigurationPlatforms) = postSolution
		{4183BE51-5601-41A3-90D0-7EDD2F717D5A}.Debug|Any CPU.ActiveCfg = Debug|Any CPU
		{4183BE51-5601-41A3-90D0-7EDD2F717D5A}.Debug|Any CPU.Build.0 = Debug|Any CPU
		{4183BE51-5601-41A3-90D0-7EDD2F717D5A}.Release|Any CPU.ActiveCfg = Release|Any CPU
		{4183BE51-5601-41A3-90D0-7EDD2F717D5A}.Release|Any CPU.Build.0 = Release|Any CPU
		{96085E43-221F-4969-B2A9-DB35E9B75B4C}.Debug|Any CPU.ActiveCfg = Debug|Any CPU
		{96085E43-221F-4969-B2A9-DB35E9B75B4C}.Debug|Any CPU.Build.0 = Debug|Any CPU
		{96085E43-221F-4969-B2A9-DB35E9B75B4C}.Release|Any CPU.ActiveCfg = Release|Any CPU
		{96085E43-221F-4969-B2A9-DB35E9B75B4C}.Release|Any CPU.Build.0 = Release|Any CPU
	EndGlobalSection
	GlobalSection(SolutionProperties) = preSolution
		HideSolutionNode = FALSE
	EndGlobalSection
	GlobalSection(ExtensibilityGlobals) = postSolution
		SolutionGuid = {D6484AFD-A767-4012-BC4E-237E25B8943B}
	EndGlobalSection
EndGlobal
